# THIS IS AN AUTOGENERATED FILE. DO NOT EDIT THIS FILE DIRECTLY.
# yarn lockfile v1


"@types/lodash@^4.14.199":
  version "4.14.199"
  resolved "https://registry.yarnpkg.com/@types/lodash/-/lodash-4.14.199.tgz#c3edb5650149d847a277a8961a7ad360c474e9bf"
  integrity sha512-Vrjz5N5Ia4SEzWWgIVwnHNEnb1UE1XMkvY5DGXrAeOGE9imk0hgTHh5GyDjLDJi9OTCn9oo9dXH1uToK1VRfrg==

bun-types@latest:
  version "1.0.6"
  resolved "https://registry.yarnpkg.com/bun-types/-/bun-types-1.0.6.tgz#e20d8cc6845650d23df5aefd3653d3d75b8375ac"
  integrity sha512-5QwynfXiRCRxPW3ZnC0Dv+sHHmctP4SHIuzsRKOWYO0HF/qUpsxQVexoviaxpmwDsF1hoVDDFdc4xUuafOzx1g==

ipa-parser@^1.0.3:
  version "1.0.3"
  resolved "https://registry.yarnpkg.com/ipa-parser/-/ipa-parser-1.0.3.tgz#07095c9b50aadb62f6da644a0d3c0b3d6bb8f6e2"
  integrity sha512-ptboSBSrZa27cc4ZK/+cJim2Bz4NITxRCUuYKXiDahYirj9tu6d8gJpGJpaS0F6D6H56+04IerQA3IMilBBZDg==

lodash@^4.17.21:
  version "4.17.21"
  resolved "https://registry.yarnpkg.com/lodash/-/lodash-4.17.21.tgz#679591c564c3bffaae8454cf0b3df370c3d6911c"
  integrity sha512-v2kDEe57lecTulaDIuNTPy3Ry4gLGJ6Z1O3vE1krgXZNrsQ+LFTGHVxVjcXPs17LhbZVGedAJv8XZ1tvj5FvSg==
